
Microsoft Visual Studio Solution File, Format Version 12.00
# Visual Studio 2012 
Project("{E24C65DC-7377-472B-9ABA-BC803B73C61A}") = "GigMan", "http://localhost/GigMan", "{26A8A9B4-D577-457C-86CC-B23AB65B36CB}"
	ProjectSection(WebsiteProperties) = preProject
		UseIISExpress = "false"
		TargetFrameworkMoniker = ".NETFramework,Version%3Dv4.5"
		ProjectReferences = "{15b3e0d2-6217-493a-a690-158c497f5318}|GigManAccess.dll;"
		Debug.AspNetCompiler.VirtualPath = "/GigMan"
		Debug.AspNetCompiler.PhysicalPath = "..\GigMan\"
		Debug.AspNetCompiler.TargetPath = "PrecompiledWeb\GigMan\"
		Debug.AspNetCompiler.Updateable = "true"
		Debug.AspNetCompiler.ForceOverwrite = "true"
		Debug.AspNetCompiler.FixedNames = "false"
		Debug.AspNetCompiler.Debug = "True"
		Release.AspNetCompiler.VirtualPath = "/GigMan"
		Release.AspNetCompiler.PhysicalPath = "..\GigMan\"
		Release.AspNetCompiler.TargetPath = "PrecompiledWeb\GigMan\"
		Release.AspNetCompiler.Updateable = "true"
		Release.AspNetCompiler.ForceOverwrite = "true"
		Release.AspNetCompiler.FixedNames = "false"
		Release.AspNetCompiler.Debug = "False"
		SlnRelativePath = "..\GigMan\"
	EndProjectSection
EndProject
Project("{FAE04EC0-301F-11D3-BF4B-00C04F79EFBC}") = "GigManAccess", "..\..\..\Users\Administrator\Desktop\GigMan II (2)\GigManAccess\GigManAccess.csproj", "{15B3E0D2-6217-493A-A690-158C497F5318}"
EndProject
Global
	GlobalSection(SolutionConfigurationPlatforms) = preSolution
		Debug|Any CPU = Debug|Any CPU
		Release|Any CPU = Release|Any CPU
	EndGlobalSection
	GlobalSection(ProjectConfigurationPlatforms) = postSolution
		{26A8A9B4-D577-457C-86CC-B23AB65B36CB}.Debug|Any CPU.ActiveCfg = Debug|Any CPU
		{26A8A9B4-D577-457C-86CC-B23AB65B36CB}.Debug|Any CPU.Build.0 = Debug|Any CPU
		{26A8A9B4-D577-457C-86CC-B23AB65B36CB}.Release|Any CPU.ActiveCfg = Debug|Any CPU
		{26A8A9B4-D577-457C-86CC-B23AB65B36CB}.Release|Any CPU.Build.0 = Debug|Any CPU
		{15B3E0D2-6217-493A-A690-158C497F5318}.Debug|Any CPU.ActiveCfg = Debug|Any CPU
		{15B3E0D2-6217-493A-A690-158C497F5318}.Debug|Any CPU.Build.0 = Debug|Any CPU
		{15B3E0D2-6217-493A-A690-158C497F5318}.Release|Any CPU.ActiveCfg = Release|Any CPU
		{15B3E0D2-6217-493A-A690-158C497F5318}.Release|Any CPU.Build.0 = Release|Any CPU
	EndGlobalSection
	GlobalSection(SolutionProperties) = preSolution
		HideSolutionNode = FALSE
	EndGlobalSection
EndGlobal
